// !$*UTF8*$!
{
	archiveVersion = 1;
	classes = {
	};
	objectVersion = 46;
	objects = {

/* Begin PBXBuildFile section */
		F20B41B81F42DDC900BDA78B /* AppDelegate.swift in Sources */ = {isa = PBXBuildFile; fileRef = F20B41B71F42DDC900BDA78B /* AppDelegate.swift */; };
		F20B41BA1F42DDC900BDA78B /* ViewController.swift in Sources */ = {isa = PBXBuildFile; fileRef = F20B41B91F42DDC900BDA78B /* ViewController.swift */; };
		F20B41BD1F42DDC900BDA78B /* Main.storyboard in Resources */ = {isa = PBXBuildFile; fileRef = F20B41BB1F42DDC900BDA78B /* Main.storyboard */; };
		F20B41BF1F42DDC900BDA78B /* Assets.xcassets in Resources */ = {isa = PBXBuildFile; fileRef = F20B41BE1F42DDC900BDA78B /* Assets.xcassets */; };
		F20B41C21F42DDC900BDA78B /* LaunchScreen.storyboard in Resources */ = {isa = PBXBuildFile; fileRef = F20B41C01F42DDC900BDA78B /* LaunchScreen.storyboard */; };
		F20B42091F441D2F00BDA78B /* opencv2.framework in Frameworks */ = {isa = PBXBuildFile; fileRef = F20B42081F441D2F00BDA78B /* opencv2.framework */; };
		F20B420B1F441D7C00BDA78B /* libstdc++.tbd in Frameworks */ = {isa = PBXBuildFile; fileRef = F20B420A1F441D7C00BDA78B /* libstdc++.tbd */; };
		F20B420D1F441DA700BDA78B /* AVFoundation.framework in Frameworks */ = {isa = PBXBuildFile; fileRef = F20B420C1F441DA700BDA78B /* AVFoundation.framework */; };
		F20B420F1F441DAE00BDA78B /* Accelerate.framework in Frameworks */ = {isa = PBXBuildFile; fileRef = F20B420E1F441DAE00BDA78B /* Accelerate.framework */; };
		F20B42111F441DB800BDA78B /* AssetsLibrary.framework in Frameworks */ = {isa = PBXBuildFile; fileRef = F20B42101F441DB800BDA78B /* AssetsLibrary.framework */; };
		F20B42131F441DC100BDA78B /* CoreGraphics.framework in Frameworks */ = {isa = PBXBuildFile; fileRef = F20B42121F441DC100BDA78B /* CoreGraphics.framework */; };
		F20B42151F441DCA00BDA78B /* CoreImage.framework in Frameworks */ = {isa = PBXBuildFile; fileRef = F20B42141F441DCA00BDA78B /* CoreImage.framework */; };
		F20B42171F441DD600BDA78B /* CoreMedia.framework in Frameworks */ = {isa = PBXBuildFile; fileRef = F20B42161F441DD600BDA78B /* CoreMedia.framework */; };
		F20B42191F441DDF00BDA78B /* CoreVideo.framework in Frameworks */ = {isa = PBXBuildFile; fileRef = F20B42181F441DDF00BDA78B /* CoreVideo.framework */; };
		F20B421B1F441DE900BDA78B /* QuartzCore.framework in Frameworks */ = {isa = PBXBuildFile; fileRef = F20B421A1F441DE900BDA78B /* QuartzCore.framework */; };
		F20B421E1F441E7C00BDA78B /* AvatarKit.framework in Frameworks */ = {isa = PBXBuildFile; fileRef = F20B421C1F441E7C00BDA78B /* AvatarKit.framework */; };
		F20B421F1F441E7C00BDA78B /* HeadGeniOS.framework in Frameworks */ = {isa = PBXBuildFile; fileRef = F20B421D1F441E7C00BDA78B /* HeadGeniOS.framework */; };
		F20B42211F441F1F00BDA78B /* SceneKit.framework in Frameworks */ = {isa = PBXBuildFile; fileRef = F20B42201F441F1F00BDA78B /* SceneKit.framework */; };
		F20B42281F44282600BDA78B /* avatar.scnassets in Resources */ = {isa = PBXBuildFile; fileRef = F20B42271F44282600BDA78B /* avatar.scnassets */; };
/* End PBXBuildFile section */

/* Begin PBXFileReference section */
		F20B41B41F42DDC900BDA78B /* AvatarKit Demo.app */ = {isa = PBXFileReference; explicitFileType = wrapper.application; includeInIndex = 0; path = "AvatarKit Demo.app"; sourceTree = BUILT_PRODUCTS_DIR; };
		F20B41B71F42DDC900BDA78B /* AppDelegate.swift */ = {isa = PBXFileReference; lastKnownFileType = sourcecode.swift; path = AppDelegate.swift; sourceTree = "<group>"; };
		F20B41B91F42DDC900BDA78B /* ViewController.swift */ = {isa = PBXFileReference; lastKnownFileType = sourcecode.swift; path = ViewController.swift; sourceTree = "<group>"; };
		F20B41BC1F42DDC900BDA78B /* Base */ = {isa = PBXFileReference; lastKnownFileType = file.storyboard; name = Base; path = Base.lproj/Main.storyboard; sourceTree = "<group>"; };
		F20B41BE1F42DDC900BDA78B /* Assets.xcassets */ = {isa = PBXFileReference; lastKnownFileType = folder.assetcatalog; path = Assets.xcassets; sourceTree = "<group>"; };
		F20B41C11F42DDC900BDA78B /* Base */ = {isa = PBXFileReference; lastKnownFileType = file.storyboard; name = Base; path = Base.lproj/LaunchScreen.storyboard; sourceTree = "<group>"; };
		F20B41C31F42DDC900BDA78B /* Info.plist */ = {isa = PBXFileReference; lastKnownFileType = text.plist.xml; path = Info.plist; sourceTree = "<group>"; };
		F20B42081F441D2F00BDA78B /* opencv2.framework */ = {isa = PBXFileReference; lastKnownFileType = wrapper.framework; name = opencv2.framework; path = ../AvatarKit/opencv2.framework; sourceTree = "<group>"; };
		F20B420A1F441D7C00BDA78B /* libstdc++.tbd */ = {isa = PBXFileReference; lastKnownFileType = "sourcecode.text-based-dylib-definition"; name = "libstdc++.tbd"; path = "usr/lib/libstdc++.tbd"; sourceTree = SDKROOT; };
		F20B420C1F441DA700BDA78B /* AVFoundation.framework */ = {isa = PBXFileReference; lastKnownFileType = wrapper.framework; name = AVFoundation.framework; path = System/Library/Frameworks/AVFoundation.framework; sourceTree = SDKROOT; };
		F20B420E1F441DAE00BDA78B /* Accelerate.framework */ = {isa = PBXFileReference; lastKnownFileType = wrapper.framework; name = Accelerate.framework; path = System/Library/Frameworks/Accelerate.framework; sourceTree = SDKROOT; };
		F20B42101F441DB800BDA78B /* AssetsLibrary.framework */ = {isa = PBXFileReference; lastKnownFileType = wrapper.framework; name = AssetsLibrary.framework; path = System/Library/Frameworks/AssetsLibrary.framework; sourceTree = SDKROOT; };
		F20B42121F441DC100BDA78B /* CoreGraphics.framework */ = {isa = PBXFileReference; lastKnownFileType = wrapper.framework; name = CoreGraphics.framework; path = System/Library/Frameworks/CoreGraphics.framework; sourceTree = SDKROOT; };
		F20B42141F441DCA00BDA78B /* CoreImage.framework */ = {isa = PBXFileReference; lastKnownFileType = wrapper.framework; name = CoreImage.framework; path = System/Library/Frameworks/CoreImage.framework; sourceTree = SDKROOT; };
		F20B42161F441DD600BDA78B /* CoreMedia.framework */ = {isa = PBXFileReference; lastKnownFileType = wrapper.framework; name = CoreMedia.framework; path = System/Library/Frameworks/CoreMedia.framework; sourceTree = SDKROOT; };
		F20B42181F441DDF00BDA78B /* CoreVideo.framework */ = {isa = PBXFileReference; lastKnownFileType = wrapper.framework; name = CoreVideo.framework; path = System/Library/Frameworks/CoreVideo.framework; sourceTree = SDKROOT; };
		F20B421A1F441DE900BDA78B /* QuartzCore.framework */ = {isa = PBXFileReference; lastKnownFileType = wrapper.framework; name = QuartzCore.framework; path = System/Library/Frameworks/QuartzCore.framework; sourceTree = SDKROOT; };
		F20B421C1F441E7C00BDA78B /* AvatarKit.framework */ = {isa = PBXFileReference; lastKnownFileType = wrapper.framework; name = AvatarKit.framework; path = ../AvatarKit/AvatarKit.framework; sourceTree = "<group>"; };
		F20B421D1F441E7C00BDA78B /* HeadGeniOS.framework */ = {isa = PBXFileReference; lastKnownFileType = wrapper.framework; name = HeadGeniOS.framework; path = ../AvatarKit/HeadGeniOS.framework; sourceTree = "<group>"; };
		F20B42201F441F1F00BDA78B /* SceneKit.framework */ = {isa = PBXFileReference; lastKnownFileType = wrapper.framework; name = SceneKit.framework; path = System/Library/Frameworks/SceneKit.framework; sourceTree = SDKROOT; };
		F20B42271F44282600BDA78B /* avatar.scnassets */ = {isa = PBXFileReference; lastKnownFileType = wrapper.scnassets; name = avatar.scnassets; path = ../AvatarKit/AvatarKit.framework/avatar.scnassets; sourceTree = "<group>"; };
/* End PBXFileReference section */

/* Begin PBXFrameworksBuildPhase section */
		F20B41B11F42DDC900BDA78B /* Frameworks */ = {
			isa = PBXFrameworksBuildPhase;
			buildActionMask = 2147483647;
			files = (
				F20B42211F441F1F00BDA78B /* SceneKit.framework in Frameworks */,
				F20B421E1F441E7C00BDA78B /* AvatarKit.framework in Frameworks */,
				F20B421F1F441E7C00BDA78B /* HeadGeniOS.framework in Frameworks */,
				F20B421B1F441DE900BDA78B /* QuartzCore.framework in Frameworks */,
				F20B42191F441DDF00BDA78B /* CoreVideo.framework in Frameworks */,
				F20B42171F441DD600BDA78B /* CoreMedia.framework in Frameworks */,
				F20B42151F441DCA00BDA78B /* CoreImage.framework in Frameworks */,
				F20B42131F441DC100BDA78B /* CoreGraphics.framework in Frameworks */,
				F20B42111F441DB800BDA78B /* AssetsLibrary.framework in Frameworks */,
				F20B420F1F441DAE00BDA78B /* Accelerate.framework in Frameworks */,
				F20B420D1F441DA700BDA78B /* AVFoundation.framework in Frameworks */,
				F20B420B1F441D7C00BDA78B /* libstdc++.tbd in Frameworks */,
				F20B42091F441D2F00BDA78B /* opencv2.framework in Frameworks */,
			);
			runOnlyForDeploymentPostprocessing = 0;
		};
/* End PBXFrameworksBuildPhase section */

/* Begin PBXGroup section */
		F20B41AB1F42DDC900BDA78B = {
			isa = PBXGroup;
			children = (
				F20B41B61F42DDC900BDA78B /* AvatarKit Demo */,
				F20B41B51F42DDC900BDA78B /* Products */,
				F20B42291F44284300BDA78B /* Resources */,
				F20B42011F441C5000BDA78B /* Frameworks */,
			);
			sourceTree = "<group>";
		};
		F20B41B51F42DDC900BDA78B /* Products */ = {
			isa = PBXGroup;
			children = (
				F20B41B41F42DDC900BDA78B /* AvatarKit Demo.app */,
			);
			name = Products;
			sourceTree = "<group>";
		};
		F20B41B61F42DDC900BDA78B /* AvatarKit Demo */ = {
			isa = PBXGroup;
			children = (
				F20B41B71F42DDC900BDA78B /* AppDelegate.swift */,
				F20B41B91F42DDC900BDA78B /* ViewController.swift */,
				F20B41BB1F42DDC900BDA78B /* Main.storyboard */,
				F20B41BE1F42DDC900BDA78B /* Assets.xcassets */,
				F20B41C01F42DDC900BDA78B /* LaunchScreen.storyboard */,
				F20B41C31F42DDC900BDA78B /* Info.plist */,
			);
			path = "AvatarKit Demo";
			sourceTree = "<group>";
		};
		F20B42011F441C5000BDA78B /* Frameworks */ = {
			isa = PBXGroup;
			children = (
				F20B42201F441F1F00BDA78B /* SceneKit.framework */,
				F20B421C1F441E7C00BDA78B /* AvatarKit.framework */,
				F20B421D1F441E7C00BDA78B /* HeadGeniOS.framework */,
				F20B421A1F441DE900BDA78B /* QuartzCore.framework */,
				F20B42181F441DDF00BDA78B /* CoreVideo.framework */,
				F20B42161F441DD600BDA78B /* CoreMedia.framework */,
				F20B42141F441DCA00BDA78B /* CoreImage.framework */,
				F20B42121F441DC100BDA78B /* CoreGraphics.framework */,
				F20B42101F441DB800BDA78B /* AssetsLibrary.framework */,
				F20B420E1F441DAE00BDA78B /* Accelerate.framework */,
				F20B420C1F441DA700BDA78B /* AVFoundation.framework */,
				F20B420A1F441D7C00BDA78B /* libstdc++.tbd */,
				F20B42081F441D2F00BDA78B /* opencv2.framework */,
			);
			name = Frameworks;
			sourceTree = "<group>";
		};
		F20B42291F44284300BDA78B /* Resources */ = {
			isa = PBXGroup;
			children = (
				F20B42271F44282600BDA78B /* avatar.scnassets */,
			);
			name = Resources;
			sourceTree = "<group>";
		};
/* End PBXGroup section */

/* Begin PBXNativeTarget section */
		F20B41B31F42DDC900BDA78B /* AvatarKit Demo */ = {
			isa = PBXNativeTarget;
			buildConfigurationList = F20B41C61F42DDC900BDA78B /* Build configuration list for PBXNativeTarget "AvatarKit Demo" */;
			buildPhases = (
				F20B41B01F42DDC900BDA78B /* Sources */,
				F20B41B11F42DDC900BDA78B /* Frameworks */,
				F20B41B21F42DDC900BDA78B /* Resources */,
			);
			buildRules = (
			);
			dependencies = (
			);
			name = "AvatarKit Demo";
			productName = "AvatarKit Demo";
			productReference = F20B41B41F42DDC900BDA78B /* AvatarKit Demo.app */;
			productType = "com.apple.product-type.application";
		};
/* End PBXNativeTarget section */

/* Begin PBXProject section */
		F20B41AC1F42DDC900BDA78B /* Project object */ = {
			isa = PBXProject;
			attributes = {
				LastSwiftUpdateCheck = 0830;
				LastUpgradeCheck = 0900;
				ORGANIZATIONNAME = "Speed 3D Inc.";
				TargetAttributes = {
					F20B41B31F42DDC900BDA78B = {
						CreatedOnToolsVersion = 8.3.3;
						DevelopmentTeam = SJZ9Z68RJP;
						ProvisioningStyle = Automatic;
					};
				};
			};
			buildConfigurationList = F20B41AF1F42DDC900BDA78B /* Build configuration list for PBXProject "AvatarKit Demo" */;
			compatibilityVersion = "Xcode 3.2";
			developmentRegion = English;
			hasScannedForEncodings = 0;
			knownRegions = (
				en,
				Base,
			);
			mainGroup = F20B41AB1F42DDC900BDA78B;
			productRefGroup = F20B41B51F42DDC900BDA78B /* Products */;
			projectDirPath = "";
			projectRoot = "";
			targets = (
				F20B41B31F42DDC900BDA78B /* AvatarKit Demo */,
			);
		};
/* End PBXProject section */

/* Begin PBXResourcesBuildPhase section */
		F20B41B21F42DDC900BDA78B /* Resources */ = {
			isa = PBXResourcesBuildPhase;
			buildActionMask = 2147483647;
			files = (
				F20B42281F44282600BDA78B /* avatar.scnassets in Resources */,
				F20B41C21F42DDC900BDA78B /* LaunchScreen.storyboard in Resources */,
				F20B41BF1F42DDC900BDA78B /* Assets.xcassets in Resources */,
				F20B41BD1F42DDC900BDA78B /* Main.storyboard in Resources */,
			);
			runOnlyForDeploymentPostprocessing = 0;
		};
/* End PBXResourcesBuildPhase section */

/* Begin PBXSourcesBuildPhase section */
		F20B41B01F42DDC900BDA78B /* Sources */ = {
			isa = PBXSourcesBuildPhase;
			buildActionMask = 2147483647;
			files = (
				F20B41BA1F42DDC900BDA78B /* ViewController.swift in Sources */,
				F20B41B81F42DDC900BDA78B /* AppDelegate.swift in Sources */,
			);
			runOnlyForDeploymentPostprocessing = 0;
		};
/* End PBXSourcesBuildPhase section */

/* Begin PBXVariantGroup section */
		F20B41BB1F42DDC900BDA78B /* Main.storyboard */ = {
			isa = PBXVariantGroup;
			children = (
				F20B41BC1F42DDC900BDA78B /* Base */,
			);
			name = Main.storyboard;
			sourceTree = "<group>";
		};
		F20B41C01F42DDC900BDA78B /* LaunchScreen.storyboard */ = {
			isa = PBXVariantGroup;
			children = (
				F20B41C11F42DDC900BDA78B /* Base */,
			);
			name = LaunchScreen.storyboard;
			sourceTree = "<group>";
		};
/* End PBXVariantGroup section */

/* Begin XCBuildConfiguration section */
		F20B41C41F42DDC900BDA78B /* Debug */ = {
			isa = XCBuildConfiguration;
			buildSettings = {
				ALWAYS_SEARCH_USER_PATHS = NO;
				CLANG_ANALYZER_NONNULL = YES;
				CLANG_ANALYZER_NUMBER_OBJECT_CONVERSION = YES_AGGRESSIVE;
				CLANG_CXX_LANGUAGE_STANDARD = "gnu++0x";
				CLANG_CXX_LIBRARY = "libc++";
				CLANG_ENABLE_MODULES = YES;
				CLANG_ENABLE_OBJC_ARC = YES;
				CLANG_WARN_BLOCK_CAPTURE_AUTORELEASING = YES;
				CLANG_WARN_BOOL_CONVERSION = YES;
				CLANG_WARN_COMMA = YES;
				CLANG_WARN_CONSTANT_CONVERSION = YES;
				CLANG_WARN_DIRECT_OBJC_ISA_USAGE = YES_ERROR;
				CLANG_WARN_DOCUMENTATION_COMMENTS = YES;
				CLANG_WARN_EMPTY_BODY = YES;
				CLANG_WARN_ENUM_CONVERSION = YES;
				CLANG_WARN_INFINITE_RECURSION = YES;
				CLANG_WARN_INT_CONVERSION = YES;
				CLANG_WARN_NON_LITERAL_NULL_CONVERSION = YES;
				CLANG_WARN_OBJC_LITERAL_CONVERSION = YES;
				CLANG_WARN_OBJC_ROOT_CLASS = YES_ERROR;
				CLANG_WARN_RANGE_LOOP_ANALYSIS = YES;
				CLANG_WARN_STRICT_PROTOTYPES = YES;
				CLANG_WARN_SUSPICIOUS_MOVE = YES;
				CLANG_WARN_UNREACHABLE_CODE = YES;
				CLANG_WARN__DUPLICATE_METHOD_MATCH = YES;
				"CODE_SIGN_IDENTITY[sdk=iphoneos*]" = "iPhone Developer";
				COPY_PHASE_STRIP = NO;
				DEBUG_INFORMATION_FORMAT = dwarf;
				ENABLE_STRICT_OBJC_MSGSEND = YES;
				ENABLE_TESTABILITY = YES;
				GCC_C_LANGUAGE_STANDARD = gnu99;
				GCC_DYNAMIC_NO_PIC = NO;
				GCC_NO_COMMON_BLOCKS = YES;
				GCC_OPTIMIZATION_LEVEL = 0;
				GCC_PREPROCESSOR_DEFINITIONS = (
					"DEBUG=1",
					"$(inherited)",
				);
				GCC_WARN_64_TO_32_BIT_CONVERSION = YES;
				GCC_WARN_ABOUT_RETURN_TYPE = YES_ERROR;
				GCC_WARN_UNDECLARED_SELECTOR = YES;
				GCC_WARN_UNINITIALIZED_AUTOS = YES_AGGRESSIVE;
				GCC_WARN_UNUSED_FUNCTION = YES;
				GCC_WARN_UNUSED_VARIABLE = YES;
				IPHONEOS_DEPLOYMENT_TARGET = 10.3;
				MTL_ENABLE_DEBUG_INFO = YES;
				ONLY_ACTIVE_ARCH = YES;
				SDKROOT = iphoneos;
				SWIFT_ACTIVE_COMPILATION_CONDITIONS = DEBUG;
				SWIFT_OPTIMIZATION_LEVEL = "-Onone";
			};
			name = Debug;
		};
		F20B41C51F42DDC900BDA78B /* Release */ = {
			isa = XCBuildConfiguration;
			buildSettings = {
				ALWAYS_SEARCH_USER_PATHS = NO;
				CLANG_ANALYZER_NONNULL = YES;
				CLANG_ANALYZER_NUMBER_OBJECT_CONVERSION = YES_AGGRESSIVE;
				CLANG_CXX_LANGUAGE_STANDARD = "gnu++0x";
				CLANG_CXX_LIBRARY = "libc++";
				CLANG_ENABLE_MODULES = YES;
				CLANG_ENABLE_OBJC_ARC = YES;
				CLANG_WARN_BLOCK_CAPTURE_AUTORELEASING = YES;
				CLANG_WARN_BOOL_CONVERSION = YES;
				CLANG_WARN_COMMA = YES;
				CLANG_WARN_CONSTANT_CONVERSION = YES;
				CLANG_WARN_DIRECT_OBJC_ISA_USAGE = YES_ERROR;
				CLANG_WARN_DOCUMENTATION_COMMENTS = YES;
				CLANG_WARN_EMPTY_BODY = YES;
				CLANG_WARN_ENUM_CONVERSION = YES;
				CLANG_WARN_INFINITE_RECURSION = YES;
				CLANG_WARN_INT_CONVERSION = YES;
				CLANG_WARN_NON_LITERAL_NULL_CONVERSION = YES;
				CLANG_WARN_OBJC_LITERAL_CONVERSION = YES;
				CLANG_WARN_OBJC_ROOT_CLASS = YES_ERROR;
				CLANG_WARN_RANGE_LOOP_ANALYSIS = YES;
				CLANG_WARN_STRICT_PROTOTYPES = YES;
				CLANG_WARN_SUSPICIOUS_MOVE = YES;
				CLANG_WARN_UNREACHABLE_CODE = YES;
				CLANG_WARN__DUPLICATE_METHOD_MATCH = YES;
				"CODE_SIGN_IDENTITY[sdk=iphoneos*]" = "iPhone Developer";
				COPY_PHASE_STRIP = NO;
				DEBUG_INFORMATION_FORMAT = "dwarf-with-dsym";
				ENABLE_NS_ASSERTIONS = NO;
				ENABLE_STRICT_OBJC_MSGSEND = YES;
				GCC_C_LANGUAGE_STANDARD = gnu99;
				GCC_NO_COMMON_BLOCKS = YES;
				GCC_WARN_64_TO_32_BIT_CONVERSION = YES;
				GCC_WARN_ABOUT_RETURN_TYPE = YES_ERROR;
				GCC_WARN_UNDECLARED_SELECTOR = YES;
				GCC_WARN_UNINITIALIZED_AUTOS = YES_AGGRESSIVE;
				GCC_WARN_UNUSED_FUNCTION = YES;
				GCC_WARN_UNUSED_VARIABLE = YES;
				IPHONEOS_DEPLOYMENT_TARGET = 10.3;
				MTL_ENABLE_DEBUG_INFO = NO;
				SDKROOT = iphoneos;
				SWIFT_OPTIMIZATION_LEVEL = "-Owholemodule";
				VALIDATE_PRODUCT = YES;
			};
			name = Release;
		};
		F20B41C71F42DDC900BDA78B /* Debug */ = {
			isa = XCBuildConfiguration;
			buildSettings = {
				ASSETCATALOG_COMPILER_APPICON_NAME = AppIcon;
				DEVELOPMENT_TEAM = SJZ9Z68RJP;
				FRAMEWORK_SEARCH_PATHS = (
					"$(inherited)",
					"$(PROJECT_DIR)/../AvatarKit",
				);
				INFOPLIST_FILE = "AvatarKit Demo/Info.plist";
				LD_RUNPATH_SEARCH_PATHS = "$(inherited) @executable_path/Frameworks";
				OTHER_LDFLAGS = "-ObjC";
				PRODUCT_BUNDLE_IDENTIFIER = "co.spe3d.AvatarKit-Demo";
				PRODUCT_NAME = "$(TARGET_NAME)";
				SWIFT_VERSION = 3.0;
			};
			name = Debug;
		};
		F20B41C81F42DDC900BDA78B /* Release */ = {
			isa = XCBuildConfiguration;
			buildSettings = {
				ASSETCATALOG_COMPILER_APPICON_NAME = AppIcon;
				DEVELOPMENT_TEAM = SJZ9Z68RJP;
				FRAMEWORK_SEARCH_PATHS = (
					"$(inherited)",
					"$(PROJECT_DIR)/../AvatarKit",
				);
				INFOPLIST_FILE = "AvatarKit Demo/Info.plist";
				LD_RUNPATH_SEARCH_PATHS = "$(inherited) @executable_path/Frameworks";
				OTHER_LDFLAGS = "-ObjC";
				PRODUCT_BUNDLE_IDENTIFIER = "co.spe3d.AvatarKit-Demo";
				PRODUCT_NAME = "$(TARGET_NAME)";
				SWIFT_VERSION = 3.0;
			};
			name = Release;
		};
/* End XCBuildConfiguration section */

/* Begin XCConfigurationList section */
		F20B41AF1F42DDC900BDA78B /* Build configuration list for PBXProject "AvatarKit Demo" */ = {
			isa = XCConfigurationList;
			buildConfigurations = (
				F20B41C41F42DDC900BDA78B /* Debug */,
				F20B41C51F42DDC900BDA78B /* Release */,
			);
			defaultConfigurationIsVisible = 0;
			defaultConfigurationName = Release;
		};
		F20B41C61F42DDC900BDA78B /* Build configuration list for PBXNativeTarget "AvatarKit Demo" */ = {
			isa = XCConfigurationList;
			buildConfigurations = (
				F20B41C71F42DDC900BDA78B /* Debug */,
				F20B41C81F42DDC900BDA78B /* Release */,
			);
			defaultConfigurationIsVisible = 0;
			defaultConfigurationName = Release;
		};
/* End XCConfigurationList section */
	};
	rootObject = F20B41AC1F42DDC900BDA78B /* Project object */;
}
